
Microsoft Visual Studio Solution File, Format Version 12.00
# Visual Studio Version 16
VisualStudioVersion = 16.0.30406.217
MinimumVisualStudioVersion = 10.0.40219.1
Project("{9A19103F-16F7-4668-BE54-9A1E7A4F7556}") = "damphat.Json", "damphat.Json\damphat.Json.csproj", "{166BE9FB-A56B-4618-9D02-573A3FF7635E}"
EndProject
Project("{9A19103F-16F7-4668-BE54-9A1E7A4F7556}") = "damphat.Json.Tests", "damphat.Json.Tests\damphat.Json.Tests.csproj", "{0DB12EDB-2B42-44C7-A2FB-4B7A8C39C356}"
EndProject
Project("{FAE04EC0-301F-11D3-BF4B-00C04F79EFBC}") = "damphat.Json.Console", "damphat.Json.Console\damphat.Json.Console.csproj", "{7418BA67-4190-46DA-AD80-20851CCBEE25}"
EndProject
Project("{FAE04EC0-301F-11D3-BF4B-00C04F79EFBC}") = "damphat.Json.Win", "damphat.Json.Win\damphat.Json.Win.csproj", "{6E5CC631-3EF4-43F5-BCD3-EC685CFB7129}"
EndProject
Project("{2150E333-8FDC-42A3-9474-1A3956D46DE8}") = "Demos", "Demos", "{F21CC29E-33D3-4D4A-80EB-87BC73FC1CDC}"
EndProject
Global
	GlobalSection(SolutionConfigurationPlatforms) = preSolution
		Debug|Any CPU = Debug|Any CPU
		Release|Any CPU = Release|Any CPU
	EndGlobalSection
	GlobalSection(ProjectConfigurationPlatforms) = postSolution
		{166BE9FB-A56B-4618-9D02-573A3FF7635E}.Debug|Any CPU.ActiveCfg = Debug|Any CPU
		{166BE9FB-A56B-4618-9D02-573A3FF7635E}.Debug|Any CPU.Build.0 = Debug|Any CPU
		{166BE9FB-A56B-4618-9D02-573A3FF7635E}.Release|Any CPU.ActiveCfg = Release|Any CPU
		{166BE9FB-A56B-4618-9D02-573A3FF7635E}.Release|Any CPU.Build.0 = Release|Any CPU
		{0DB12EDB-2B42-44C7-A2FB-4B7A8C39C356}.Debug|Any CPU.ActiveCfg = Debug|Any CPU
		{0DB12EDB-2B42-44C7-A2FB-4B7A8C39C356}.Debug|Any CPU.Build.0 = Debug|Any CPU
		{0DB12EDB-2B42-44C7-A2FB-4B7A8C39C356}.Release|Any CPU.ActiveCfg = Release|Any CPU
		{0DB12EDB-2B42-44C7-A2FB-4B7A8C39C356}.Release|Any CPU.Build.0 = Release|Any CPU
		{7418BA67-4190-46DA-AD80-20851CCBEE25}.Debug|Any CPU.ActiveCfg = Debug|Any CPU
		{7418BA67-4190-46DA-AD80-20851CCBEE25}.Debug|Any CPU.Build.0 = Debug|Any CPU
		{7418BA67-4190-46DA-AD80-20851CCBEE25}.Release|Any CPU.ActiveCfg = Release|Any CPU
		{7418BA67-4190-46DA-AD80-20851CCBEE25}.Release|Any CPU.Build.0 = Release|Any CPU
		{6E5CC631-3EF4-43F5-BCD3-EC685CFB7129}.Debug|Any CPU.ActiveCfg = Debug|Any CPU
		{6E5CC631-3EF4-43F5-BCD3-EC685CFB7129}.Debug|Any CPU.Build.0 = Debug|Any CPU
		{6E5CC631-3EF4-43F5-BCD3-EC685CFB7129}.Release|Any CPU.ActiveCfg = Release|Any CPU
		{6E5CC631-3EF4-43F5-BCD3-EC685CFB7129}.Release|Any CPU.Build.0 = Release|Any CPU
	EndGlobalSection
	GlobalSection(SolutionProperties) = preSolution
		HideSolutionNode = FALSE
	EndGlobalSection
	GlobalSection(NestedProjects) = preSolution
		{7418BA67-4190-46DA-AD80-20851CCBEE25} = {F21CC29E-33D3-4D4A-80EB-87BC73FC1CDC}
		{6E5CC631-3EF4-43F5-BCD3-EC685CFB7129} = {F21CC29E-33D3-4D4A-80EB-87BC73FC1CDC}
	EndGlobalSection
	GlobalSection(ExtensibilityGlobals) = postSolution
		SolutionGuid = {E6C1C070-7516-4B47-BD28-D90C41CE25F3}
	EndGlobalSection
EndGlobal
